
Microsoft Visual Studio Solution File, Format Version 12.00
# Visual Studio Version 17
VisualStudioVersion = 17.8.34511.84
MinimumVisualStudioVersion = 10.0.40219.1
Project("{FAE04EC0-301F-11D3-BF4B-00C04F79EFBC}") = "Exercicios", "Exercicios.csproj", "{463169FE-39D5-4400-B96A-93B530FBF88F}"
EndProject
Global
	GlobalSection(SolutionConfigurationPlatforms) = preSolution
		Debug|Any CPU = Debug|Any CPU
		Release|Any CPU = Release|Any CPU
	EndGlobalSection
	GlobalSection(ProjectConfigurationPlatforms) = postSolution
		{463169FE-39D5-4400-B96A-93B530FBF88F}.Debug|Any CPU.ActiveCfg = Debug|Any CPU
		{463169FE-39D5-4400-B96A-93B530FBF88F}.Debug|Any CPU.Build.0 = Debug|Any CPU
		{463169FE-39D5-4400-B96A-93B530FBF88F}.Release|Any CPU.ActiveCfg = Release|Any CPU
		{463169FE-39D5-4400-B96A-93B530FBF88F}.Release|Any CPU.Build.0 = Release|Any CPU
	EndGlobalSection
	GlobalSection(SolutionProperties) = preSolution
		HideSolutionNode = FALSE
	EndGlobalSection
	GlobalSection(ExtensibilityGlobals) = postSolution
		SolutionGuid = {600C066C-282E-4426-84A7-BB85728DD000}
	EndGlobalSection
EndGlobal
